
Microsoft Visual Studio Solution File, Format Version 12.00
# Visual Studio Version 17
VisualStudioVersion = 17.10.34928.147
MinimumVisualStudioVersion = 10.0.40219.1
Project("{2150E333-8FDC-42A3-9474-1A3956D46DE8}") = "Services", "Services", "{8F69E4A5-3170-4797-A740-95DD93A00719}"
EndProject
Project("{2150E333-8FDC-42A3-9474-1A3956D46DE8}") = "Catalog", "Catalog", "{82116A43-256C-466A-98CE-0A321B384B59}"
EndProject
Project("{9A19103F-16F7-4668-BE54-9A1E7A4F7556}") = "Catalog.API", "Services\Catalog\Catalog.API\Catalog.API.csproj", "{59719E2A-52A9-4FED-A963-CBB5D3A88ABD}"
EndProject
Project("{2150E333-8FDC-42A3-9474-1A3956D46DE8}") = "BuildingBlocks", "BuildingBlocks", "{6B2D3477-1C7B-45C9-B33B-A03CCF7C429B}"
EndProject
Project("{9A19103F-16F7-4668-BE54-9A1E7A4F7556}") = "BuildingBlocks", "BuildingBlocks\BuildingBlocks\BuildingBlocks.csproj", "{DD1FEC1C-597B-41FC-AD21-F63B2C9FD558}"
EndProject
Project("{E53339B2-1760-4266-BCC7-CA923CBCF16C}") = "docker-compose", "docker-compose.dcproj", "{C4465150-9B78-4695-A300-127E4D255B99}"
EndProject
Project("{2150E333-8FDC-42A3-9474-1A3956D46DE8}") = "Basket", "Basket", "{8298CEC1-C00D-4981-A7BE-22ADB1F2AA96}"
EndProject
Project("{9A19103F-16F7-4668-BE54-9A1E7A4F7556}") = "Basket.API", "Services\Basket\Basket.API\Basket.API.csproj", "{595F5D0A-7459-4432-865F-98E18C0CEB82}"
EndProject
Project("{2150E333-8FDC-42A3-9474-1A3956D46DE8}") = "Discount", "Discount", "{BC3F876F-5DA7-4912-A40D-52FDA8471F3A}"
EndProject
Project("{9A19103F-16F7-4668-BE54-9A1E7A4F7556}") = "Discount.Grpc", "Services\Discount\Discount.Grpc\Discount.Grpc.csproj", "{AD5107A9-EB0D-4771-8A97-44F650FC9A26}"
EndProject
Project("{2150E333-8FDC-42A3-9474-1A3956D46DE8}") = "Ordering", "Ordering", "{CE2DB421-038D-433F-AB6A-EE0A5A49A9E1}"
EndProject
Project("{9A19103F-16F7-4668-BE54-9A1E7A4F7556}") = "Ordering.API", "Services\Ordering\Ordering.API\Ordering.API.csproj", "{A403DCCF-7460-45FE-BD44-8F21897A02CB}"
EndProject
Project("{9A19103F-16F7-4668-BE54-9A1E7A4F7556}") = "Ordering.Application", "Services\Ordering\Ordering.Application\Ordering.Application.csproj", "{5ABC3E6F-D7DA-4E38-B878-726A7E0DBA50}"
EndProject
Project("{9A19103F-16F7-4668-BE54-9A1E7A4F7556}") = "Ordering.Domain", "Services\Ordering\Ordering.Domain\Ordering.Domain.csproj", "{E4269C19-0D2A-4B87-80A5-1EC24A895399}"
EndProject
Project("{9A19103F-16F7-4668-BE54-9A1E7A4F7556}") = "Ordering.Infrastructure", "Services\Ordering\Ordering.Infrastructure\Ordering.Infrastructure.csproj", "{81A96FFF-09F1-442E-B7E4-F500753474EA}"
EndProject
Project("{FAE04EC0-301F-11D3-BF4B-00C04F79EFBC}") = "BuildingBlocks.Messaging", "BuildingBlocks\BuildingBlocks.Messaging\BuildingBlocks.Messaging.csproj", "{11D70E42-1F8D-4D8D-AAF2-DDC2A6E4AD64}"
EndProject
Global
	GlobalSection(SolutionConfigurationPlatforms) = preSolution
		Debug|Any CPU = Debug|Any CPU
		Release|Any CPU = Release|Any CPU
	EndGlobalSection
	GlobalSection(ProjectConfigurationPlatforms) = postSolution
		{59719E2A-52A9-4FED-A963-CBB5D3A88ABD}.Debug|Any CPU.ActiveCfg = Debug|Any CPU
		{59719E2A-52A9-4FED-A963-CBB5D3A88ABD}.Debug|Any CPU.Build.0 = Debug|Any CPU
		{59719E2A-52A9-4FED-A963-CBB5D3A88ABD}.Release|Any CPU.ActiveCfg = Release|Any CPU
		{59719E2A-52A9-4FED-A963-CBB5D3A88ABD}.Release|Any CPU.Build.0 = Release|Any CPU
		{DD1FEC1C-597B-41FC-AD21-F63B2C9FD558}.Debug|Any CPU.ActiveCfg = Debug|Any CPU
		{DD1FEC1C-597B-41FC-AD21-F63B2C9FD558}.Debug|Any CPU.Build.0 = Debug|Any CPU
		{DD1FEC1C-597B-41FC-AD21-F63B2C9FD558}.Release|Any CPU.ActiveCfg = Release|Any CPU
		{DD1FEC1C-597B-41FC-AD21-F63B2C9FD558}.Release|Any CPU.Build.0 = Release|Any CPU
		{C4465150-9B78-4695-A300-127E4D255B99}.Debug|Any CPU.ActiveCfg = Debug|Any CPU
		{C4465150-9B78-4695-A300-127E4D255B99}.Debug|Any CPU.Build.0 = Debug|Any CPU
		{C4465150-9B78-4695-A300-127E4D255B99}.Release|Any CPU.ActiveCfg = Release|Any CPU
		{C4465150-9B78-4695-A300-127E4D255B99}.Release|Any CPU.Build.0 = Release|Any CPU
		{595F5D0A-7459-4432-865F-98E18C0CEB82}.Debug|Any CPU.ActiveCfg = Debug|Any CPU
		{595F5D0A-7459-4432-865F-98E18C0CEB82}.Debug|Any CPU.Build.0 = Debug|Any CPU
		{595F5D0A-7459-4432-865F-98E18C0CEB82}.Release|Any CPU.ActiveCfg = Release|Any CPU
		{595F5D0A-7459-4432-865F-98E18C0CEB82}.Release|Any CPU.Build.0 = Release|Any CPU
		{AD5107A9-EB0D-4771-8A97-44F650FC9A26}.Debug|Any CPU.ActiveCfg = Debug|Any CPU
		{AD5107A9-EB0D-4771-8A97-44F650FC9A26}.Debug|Any CPU.Build.0 = Debug|Any CPU
		{AD5107A9-EB0D-4771-8A97-44F650FC9A26}.Release|Any CPU.ActiveCfg = Release|Any CPU
		{AD5107A9-EB0D-4771-8A97-44F650FC9A26}.Release|Any CPU.Build.0 = Release|Any CPU
		{A403DCCF-7460-45FE-BD44-8F21897A02CB}.Debug|Any CPU.ActiveCfg = Debug|Any CPU
		{A403DCCF-7460-45FE-BD44-8F21897A02CB}.Debug|Any CPU.Build.0 = Debug|Any CPU
		{A403DCCF-7460-45FE-BD44-8F21897A02CB}.Release|Any CPU.ActiveCfg = Release|Any CPU
		{A403DCCF-7460-45FE-BD44-8F21897A02CB}.Release|Any CPU.Build.0 = Release|Any CPU
		{5ABC3E6F-D7DA-4E38-B878-726A7E0DBA50}.Debug|Any CPU.ActiveCfg = Debug|Any CPU
		{5ABC3E6F-D7DA-4E38-B878-726A7E0DBA50}.Debug|Any CPU.Build.0 = Debug|Any CPU
		{5ABC3E6F-D7DA-4E38-B878-726A7E0DBA50}.Release|Any CPU.ActiveCfg = Release|Any CPU
		{5ABC3E6F-D7DA-4E38-B878-726A7E0DBA50}.Release|Any CPU.Build.0 = Release|Any CPU
		{E4269C19-0D2A-4B87-80A5-1EC24A895399}.Debug|Any CPU.ActiveCfg = Debug|Any CPU
		{E4269C19-0D2A-4B87-80A5-1EC24A895399}.Debug|Any CPU.Build.0 = Debug|Any CPU
		{E4269C19-0D2A-4B87-80A5-1EC24A895399}.Release|Any CPU.ActiveCfg = Release|Any CPU
		{E4269C19-0D2A-4B87-80A5-1EC24A895399}.Release|Any CPU.Build.0 = Release|Any CPU
		{81A96FFF-09F1-442E-B7E4-F500753474EA}.Debug|Any CPU.ActiveCfg = Debug|Any CPU
		{81A96FFF-09F1-442E-B7E4-F500753474EA}.Debug|Any CPU.Build.0 = Debug|Any CPU
		{81A96FFF-09F1-442E-B7E4-F500753474EA}.Release|Any CPU.ActiveCfg = Release|Any CPU
		{81A96FFF-09F1-442E-B7E4-F500753474EA}.Release|Any CPU.Build.0 = Release|Any CPU
		{11D70E42-1F8D-4D8D-AAF2-DDC2A6E4AD64}.Debug|Any CPU.ActiveCfg = Debug|Any CPU
		{11D70E42-1F8D-4D8D-AAF2-DDC2A6E4AD64}.Debug|Any CPU.Build.0 = Debug|Any CPU
		{11D70E42-1F8D-4D8D-AAF2-DDC2A6E4AD64}.Release|Any CPU.ActiveCfg = Release|Any CPU
		{11D70E42-1F8D-4D8D-AAF2-DDC2A6E4AD64}.Release|Any CPU.Build.0 = Release|Any CPU
	EndGlobalSection
	GlobalSection(SolutionProperties) = preSolution
		HideSolutionNode = FALSE
	EndGlobalSection
	GlobalSection(NestedProjects) = preSolution
		{82116A43-256C-466A-98CE-0A321B384B59} = {8F69E4A5-3170-4797-A740-95DD93A00719}
		{59719E2A-52A9-4FED-A963-CBB5D3A88ABD} = {82116A43-256C-466A-98CE-0A321B384B59}
		{DD1FEC1C-597B-41FC-AD21-F63B2C9FD558} = {6B2D3477-1C7B-45C9-B33B-A03CCF7C429B}
		{8298CEC1-C00D-4981-A7BE-22ADB1F2AA96} = {8F69E4A5-3170-4797-A740-95DD93A00719}
		{595F5D0A-7459-4432-865F-98E18C0CEB82} = {8298CEC1-C00D-4981-A7BE-22ADB1F2AA96}
		{BC3F876F-5DA7-4912-A40D-52FDA8471F3A} = {8F69E4A5-3170-4797-A740-95DD93A00719}
		{AD5107A9-EB0D-4771-8A97-44F650FC9A26} = {BC3F876F-5DA7-4912-A40D-52FDA8471F3A}
		{CE2DB421-038D-433F-AB6A-EE0A5A49A9E1} = {8F69E4A5-3170-4797-A740-95DD93A00719}
		{A403DCCF-7460-45FE-BD44-8F21897A02CB} = {CE2DB421-038D-433F-AB6A-EE0A5A49A9E1}
		{5ABC3E6F-D7DA-4E38-B878-726A7E0DBA50} = {CE2DB421-038D-433F-AB6A-EE0A5A49A9E1}
		{E4269C19-0D2A-4B87-80A5-1EC24A895399} = {CE2DB421-038D-433F-AB6A-EE0A5A49A9E1}
		{81A96FFF-09F1-442E-B7E4-F500753474EA} = {CE2DB421-038D-433F-AB6A-EE0A5A49A9E1}
		{11D70E42-1F8D-4D8D-AAF2-DDC2A6E4AD64} = {6B2D3477-1C7B-45C9-B33B-A03CCF7C429B}
	EndGlobalSection
	GlobalSection(ExtensibilityGlobals) = postSolution
		SolutionGuid = {450FCB06-7816-4C5A-866B-76FB0523059A}
	EndGlobalSection
EndGlobal
